// !$*UTF8*$!
{
	archiveVersion = 1;
	classes = {
	};
	objectVersion = 55;
	objects = {

/* Begin PBXBuildFile section */
		0A1BE80E28B0DA1000817529 /* CartScreenPresenter.swift in Sources */ = {isa = PBXBuildFile; fileRef = 0A1BE80828B0DA1000817529 /* CartScreenPresenter.swift */; };
		0A1BE80F28B0DA1000817529 /* CartScreenRouter.swift in Sources */ = {isa = PBXBuildFile; fileRef = 0A1BE80928B0DA1000817529 /* CartScreenRouter.swift */; };
		0A1BE81028B0DA1000817529 /* CartScreenViewController.swift in Sources */ = {isa = PBXBuildFile; fileRef = 0A1BE80A28B0DA1000817529 /* CartScreenViewController.swift */; };
		0A1BE81128B0DA1000817529 /* CartScreenProtocols.swift in Sources */ = {isa = PBXBuildFile; fileRef = 0A1BE80B28B0DA1000817529 /* CartScreenProtocols.swift */; };
		0A1BE81228B0DA1000817529 /* CartScreenInteractor.swift in Sources */ = {isa = PBXBuildFile; fileRef = 0A1BE80C28B0DA1000817529 /* CartScreenInteractor.swift */; };
		0A1BE81328B0DA1000817529 /* CartScreenContainer.swift in Sources */ = {isa = PBXBuildFile; fileRef = 0A1BE80D28B0DA1000817529 /* CartScreenContainer.swift */; };
		0A1BE81528B0DC0400817529 /* CartList.swift in Sources */ = {isa = PBXBuildFile; fileRef = 0A1BE81428B0DC0400817529 /* CartList.swift */; };
		0A1BE81728B0EE4600817529 /* CartListHeader.swift in Sources */ = {isa = PBXBuildFile; fileRef = 0A1BE81628B0EE4600817529 /* CartListHeader.swift */; };
		0A1BE81928B0F7C300817529 /* CartListFooter.swift in Sources */ = {isa = PBXBuildFile; fileRef = 0A1BE81828B0F7C300817529 /* CartListFooter.swift */; };
		0A1BE81B28B11C6200817529 /* CartScreenCell.swift in Sources */ = {isa = PBXBuildFile; fileRef = 0A1BE81A28B11C6200817529 /* CartScreenCell.swift */; };
		0A1BE81D28B4C77700817529 /* VolidationManager.swift in Sources */ = {isa = PBXBuildFile; fileRef = 0A1BE81C28B4C77700817529 /* VolidationManager.swift */; };
		0A2DFCAD28A6616E00C7F5BB /* LoginPresenter.swift in Sources */ = {isa = PBXBuildFile; fileRef = 0A2DFCA728A6616E00C7F5BB /* LoginPresenter.swift */; };
		0A2DFCAE28A6616E00C7F5BB /* LoginRouter.swift in Sources */ = {isa = PBXBuildFile; fileRef = 0A2DFCA828A6616E00C7F5BB /* LoginRouter.swift */; };
		0A2DFCAF28A6616E00C7F5BB /* LoginViewController.swift in Sources */ = {isa = PBXBuildFile; fileRef = 0A2DFCA928A6616E00C7F5BB /* LoginViewController.swift */; };
		0A2DFCB028A6616E00C7F5BB /* LoginProtocols.swift in Sources */ = {isa = PBXBuildFile; fileRef = 0A2DFCAA28A6616E00C7F5BB /* LoginProtocols.swift */; };
		0A2DFCB128A6616E00C7F5BB /* LoginInteractor.swift in Sources */ = {isa = PBXBuildFile; fileRef = 0A2DFCAB28A6616E00C7F5BB /* LoginInteractor.swift */; };
		0A2DFCB228A6616E00C7F5BB /* LoginContainer.swift in Sources */ = {isa = PBXBuildFile; fileRef = 0A2DFCAC28A6616E00C7F5BB /* LoginContainer.swift */; };
		0A2DFCBB28A6825100C7F5BB /* ModelsFB.swift in Sources */ = {isa = PBXBuildFile; fileRef = 0A2DFCBA28A6825100C7F5BB /* ModelsFB.swift */; };
		0A2DFCBF28A934D200C7F5BB /* ModelConverter.swift in Sources */ = {isa = PBXBuildFile; fileRef = 0A2DFCBE28A934D200C7F5BB /* ModelConverter.swift */; };
		0A8F951F28A24F8200ED90F9 /* AppDelegate.swift in Sources */ = {isa = PBXBuildFile; fileRef = 0A8F951E28A24F8200ED90F9 /* AppDelegate.swift */; };
		0A8F952128A24F8200ED90F9 /* SceneDelegate.swift in Sources */ = {isa = PBXBuildFile; fileRef = 0A8F952028A24F8200ED90F9 /* SceneDelegate.swift */; };
		0A8F952828A24F8300ED90F9 /* Assets.xcassets in Resources */ = {isa = PBXBuildFile; fileRef = 0A8F952728A24F8300ED90F9 /* Assets.xcassets */; };
		0A8F952B28A24F8300ED90F9 /* LaunchScreen.storyboard in Resources */ = {isa = PBXBuildFile; fileRef = 0A8F952928A24F8300ED90F9 /* LaunchScreen.storyboard */; };
		0A8F953E28A4D32A00ED90F9 /* LoginView.swift in Sources */ = {isa = PBXBuildFile; fileRef = 0A8F953D28A4D32A00ED90F9 /* LoginView.swift */; };
		0A8F954028A4D37300ED90F9 /* UIView+Ext.swift in Sources */ = {isa = PBXBuildFile; fileRef = 0A8F953F28A4D37300ED90F9 /* UIView+Ext.swift */; };
		0A8F954228A4D47A00ED90F9 /* UITextField+Ext.swift in Sources */ = {isa = PBXBuildFile; fileRef = 0A8F954128A4D47A00ED90F9 /* UITextField+Ext.swift */; };
		0A8F954628A4D61400ED90F9 /* UIImage+Ext.swift in Sources */ = {isa = PBXBuildFile; fileRef = 0A8F954528A4D61400ED90F9 /* UIImage+Ext.swift */; };
		5F94ED0128AAD91A00D89E3D /* FavouritesCell.swift in Sources */ = {isa = PBXBuildFile; fileRef = 5F94ED0028AAD91A00D89E3D /* FavouritesCell.swift */; };
		5F94ED1428AD1F1300D89E3D /* ShopListViewController.swift in Sources */ = {isa = PBXBuildFile; fileRef = 5F94ED1328AD1F1300D89E3D /* ShopListViewController.swift */; };
		A63AC17228AA3090005E7907 /* ProfileHeaderModel.swift in Sources */ = {isa = PBXBuildFile; fileRef = A63AC17128AA3090005E7907 /* ProfileHeaderModel.swift */; };
		A63AC17428AA309E005E7907 /* ReceiptCellModel.swift in Sources */ = {isa = PBXBuildFile; fileRef = A63AC17328AA309E005E7907 /* ReceiptCellModel.swift */; };
		A63AC17A28ACC5FA005E7907 /* ImageManager.swift in Sources */ = {isa = PBXBuildFile; fileRef = A63AC17928ACC5FA005E7907 /* ImageManager.swift */; };
		A63AC17C28ACC6D1005E7907 /* ImageCache.swift in Sources */ = {isa = PBXBuildFile; fileRef = A63AC17B28ACC6D1005E7907 /* ImageCache.swift */; };
		A63AC17F28ACCB76005E7907 /* SkeletonImageView.swift in Sources */ = {isa = PBXBuildFile; fileRef = A63AC17E28ACCB76005E7907 /* SkeletonImageView.swift */; };
		A648A3E328A2A5ED00413915 /* MainTabBarController.swift in Sources */ = {isa = PBXBuildFile; fileRef = A648A3E228A2A5ED00413915 /* MainTabBarController.swift */; };
		A648A3E528A2A6EB00413915 /* AppImageNames.swift in Sources */ = {isa = PBXBuildFile; fileRef = A648A3E428A2A6EB00413915 /* AppImageNames.swift */; };
		A6CFA98C28A6700B00B538DE /* ProfilePresenter.swift in Sources */ = {isa = PBXBuildFile; fileRef = A6CFA98628A6700B00B538DE /* ProfilePresenter.swift */; };
		A6CFA98D28A6700B00B538DE /* ProfileRouter.swift in Sources */ = {isa = PBXBuildFile; fileRef = A6CFA98728A6700B00B538DE /* ProfileRouter.swift */; };
		A6CFA98E28A6700B00B538DE /* ProfileViewController.swift in Sources */ = {isa = PBXBuildFile; fileRef = A6CFA98828A6700B00B538DE /* ProfileViewController.swift */; };
		A6CFA98F28A6700B00B538DE /* ProfileProtocols.swift in Sources */ = {isa = PBXBuildFile; fileRef = A6CFA98928A6700B00B538DE /* ProfileProtocols.swift */; };
		A6CFA99028A6700B00B538DE /* ProfileInteractor.swift in Sources */ = {isa = PBXBuildFile; fileRef = A6CFA98A28A6700B00B538DE /* ProfileInteractor.swift */; };
		A6CFA99128A6700B00B538DE /* ProfileContainer.swift in Sources */ = {isa = PBXBuildFile; fileRef = A6CFA98B28A6700B00B538DE /* ProfileContainer.swift */; };
		A6CFA99428A6734D00B538DE /* ProfileTableViewHeader.swift in Sources */ = {isa = PBXBuildFile; fileRef = A6CFA99328A6734D00B538DE /* ProfileTableViewHeader.swift */; };
		A6CFA99628A680B100B538DE /* ReceiptCollectionViewCell.swift in Sources */ = {isa = PBXBuildFile; fileRef = A6CFA99528A680B100B538DE /* ReceiptCollectionViewCell.swift */; };
		A7024FC028A2BF82006103CD /* CoffeeShopDetailHeaderView.swift in Sources */ = {isa = PBXBuildFile; fileRef = A7024FBF28A2BF82006103CD /* CoffeeShopDetailHeaderView.swift */; };
		A7054BCD28AA6BAD0082E9E5 /* Constants.swift in Sources */ = {isa = PBXBuildFile; fileRef = A7054BCC28AA6BAD0082E9E5 /* Constants.swift */; };
		A7054BCF28AA7C5F0082E9E5 /* SectionTitleHeaderReusableView.swift in Sources */ = {isa = PBXBuildFile; fileRef = A7054BCE28AA7C5F0082E9E5 /* SectionTitleHeaderReusableView.swift */; };
		A713A91F28A5102B00769321 /* CoffeeShopDetailScreenPresenter.swift in Sources */ = {isa = PBXBuildFile; fileRef = A713A91928A5102B00769321 /* CoffeeShopDetailScreenPresenter.swift */; };
		A713A92028A5102B00769321 /* CoffeeShopDetailScreenRouter.swift in Sources */ = {isa = PBXBuildFile; fileRef = A713A91A28A5102B00769321 /* CoffeeShopDetailScreenRouter.swift */; };
		A713A92128A5102B00769321 /* CoffeeShopDetailScreenViewController.swift in Sources */ = {isa = PBXBuildFile; fileRef = A713A91B28A5102B00769321 /* CoffeeShopDetailScreenViewController.swift */; };
		A713A92228A5102B00769321 /* CoffeeShopDetailScreenProtocols.swift in Sources */ = {isa = PBXBuildFile; fileRef = A713A91C28A5102B00769321 /* CoffeeShopDetailScreenProtocols.swift */; };
		A713A92328A5102B00769321 /* CoffeeShopDetailScreenInteractor.swift in Sources */ = {isa = PBXBuildFile; fileRef = A713A91D28A5102B00769321 /* CoffeeShopDetailScreenInteractor.swift */; };
		A713A92428A5102B00769321 /* CoffeeShopDetailScreenContainer.swift in Sources */ = {isa = PBXBuildFile; fileRef = A713A91E28A5102B00769321 /* CoffeeShopDetailScreenContainer.swift */; };
		A713A95328A55CD900769321 /* DishSection.swift in Sources */ = {isa = PBXBuildFile; fileRef = A713A95228A55CD900769321 /* DishSection.swift */; };
		A71C551A28A3824300142138 /* DishCollectionViewCell.swift in Sources */ = {isa = PBXBuildFile; fileRef = A71C551928A3824300142138 /* DishCollectionViewCell.swift */; };
		A71C552C28A3BFC100142138 /* UITableView+Ext.swift in Sources */ = {isa = PBXBuildFile; fileRef = A71C552B28A3BFC100142138 /* UITableView+Ext.swift */; };
		A72AFD0928A663F20048634C /* DishConfiguratorPresenter.swift in Sources */ = {isa = PBXBuildFile; fileRef = A72AFD0328A663F20048634C /* DishConfiguratorPresenter.swift */; };
		A72AFD0A28A663F20048634C /* DishConfiguratorRouter.swift in Sources */ = {isa = PBXBuildFile; fileRef = A72AFD0428A663F20048634C /* DishConfiguratorRouter.swift */; };
		A72AFD0B28A663F20048634C /* DishConfiguratorViewController.swift in Sources */ = {isa = PBXBuildFile; fileRef = A72AFD0528A663F20048634C /* DishConfiguratorViewController.swift */; };
		A72AFD0C28A663F20048634C /* DishConfiguratorProtocols.swift in Sources */ = {isa = PBXBuildFile; fileRef = A72AFD0628A663F20048634C /* DishConfiguratorProtocols.swift */; };
		A72AFD0D28A663F20048634C /* DishConfiguratorInteractor.swift in Sources */ = {isa = PBXBuildFile; fileRef = A72AFD0728A663F20048634C /* DishConfiguratorInteractor.swift */; };
		A72AFD0E28A663F20048634C /* DishConfiguratorContainer.swift in Sources */ = {isa = PBXBuildFile; fileRef = A72AFD0828A663F20048634C /* DishConfiguratorContainer.swift */; };
		A730E90928A3C3E900A3B4C4 /* UITableViewCell+Ext.swift in Sources */ = {isa = PBXBuildFile; fileRef = A730E90828A3C3E900A3B4C4 /* UITableViewCell+Ext.swift */; };
		A730E90B28A3C42C00A3B4C4 /* UICollectionView+Ext.swift in Sources */ = {isa = PBXBuildFile; fileRef = A730E90A28A3C42C00A3B4C4 /* UICollectionView+Ext.swift */; };
		A730E90D28A424F700A3B4C4 /* UIColor+Ext.swift in Sources */ = {isa = PBXBuildFile; fileRef = A730E90C28A424F700A3B4C4 /* UIColor+Ext.swift */; };
		A737099228B02DA300A74547 /* CoffeeShopBottomSheetDataSource.swift in Sources */ = {isa = PBXBuildFile; fileRef = A737099128B02DA300A74547 /* CoffeeShopBottomSheetDataSource.swift */; };
		A73A1B1328AABD6A00D5022D /* HomeScreenPresenter.swift in Sources */ = {isa = PBXBuildFile; fileRef = A73A1B0D28AABD6A00D5022D /* HomeScreenPresenter.swift */; };
		A73A1B1428AABD6A00D5022D /* HomeScreenRouter.swift in Sources */ = {isa = PBXBuildFile; fileRef = A73A1B0E28AABD6A00D5022D /* HomeScreenRouter.swift */; };
		A73A1B1528AABD6A00D5022D /* HomeScreenViewController.swift in Sources */ = {isa = PBXBuildFile; fileRef = A73A1B0F28AABD6A00D5022D /* HomeScreenViewController.swift */; };
		A73A1B1628AABD6A00D5022D /* HomeScreenProtocols.swift in Sources */ = {isa = PBXBuildFile; fileRef = A73A1B1028AABD6A00D5022D /* HomeScreenProtocols.swift */; };
		A73A1B1728AABD6A00D5022D /* HomeScreenInteractor.swift in Sources */ = {isa = PBXBuildFile; fileRef = A73A1B1128AABD6A00D5022D /* HomeScreenInteractor.swift */; };
		A73A1B1828AABD6A00D5022D /* HomeScreenContainer.swift in Sources */ = {isa = PBXBuildFile; fileRef = A73A1B1228AABD6A00D5022D /* HomeScreenContainer.swift */; };
		A73A1B1C28AE28D200D5022D /* CoffeeShopAnnotation.swift in Sources */ = {isa = PBXBuildFile; fileRef = A73A1B1B28AE28D200D5022D /* CoffeeShopAnnotation.swift */; };
		A73A1B1E28AE28F200D5022D /* CoffeeShopMarkerAnnotationView.swift in Sources */ = {isa = PBXBuildFile; fileRef = A73A1B1D28AE28F200D5022D /* CoffeeShopMarkerAnnotationView.swift */; };
		A73A1B2228AE3EEB00D5022D /* MKMarkerAnnotationView+Ext.swift in Sources */ = {isa = PBXBuildFile; fileRef = A73A1B2128AE3EEB00D5022D /* MKMarkerAnnotationView+Ext.swift */; };
		A76377C228AF9EE200E95AD6 /* CoffeeShopClusterAnnotation.swift in Sources */ = {isa = PBXBuildFile; fileRef = A76377C128AF9EE200E95AD6 /* CoffeeShopClusterAnnotation.swift */; };
		A77A7FB028B4F648006E53BB /* CoffeeSize.swift in Sources */ = {isa = PBXBuildFile; fileRef = A77A7FAF28B4F648006E53BB /* CoffeeSize.swift */; };
		A782BDDC28B3617900E6990E /* DishConfigurationAlertView.swift in Sources */ = {isa = PBXBuildFile; fileRef = A782BDDB28B3617900E6990E /* DishConfigurationAlertView.swift */; };
		A782BDDF28B3641800E6990E /* UILabel+Ext.swift in Sources */ = {isa = PBXBuildFile; fileRef = A782BDDE28B3641800E6990E /* UILabel+Ext.swift */; };
		A7832AD228AE50A70093EB4C /* FavoritesCoffeeShopsScreenPresenter.swift in Sources */ = {isa = PBXBuildFile; fileRef = A7832ACC28AE50A70093EB4C /* FavoritesCoffeeShopsScreenPresenter.swift */; };
		A7832AD328AE50A70093EB4C /* FavoritesCoffeeShopsScreenRouter.swift in Sources */ = {isa = PBXBuildFile; fileRef = A7832ACD28AE50A70093EB4C /* FavoritesCoffeeShopsScreenRouter.swift */; };
		A7832AD428AE50A70093EB4C /* FavoritesCoffeeShopsScreenViewController.swift in Sources */ = {isa = PBXBuildFile; fileRef = A7832ACE28AE50A70093EB4C /* FavoritesCoffeeShopsScreenViewController.swift */; };
		A7832AD528AE50A70093EB4C /* FavoritesCoffeeShopsScreenProtocols.swift in Sources */ = {isa = PBXBuildFile; fileRef = A7832ACF28AE50A70093EB4C /* FavoritesCoffeeShopsScreenProtocols.swift */; };
		A7832AD628AE50A70093EB4C /* FavoritesCoffeeShopsScreenInteractor.swift in Sources */ = {isa = PBXBuildFile; fileRef = A7832AD028AE50A70093EB4C /* FavoritesCoffeeShopsScreenInteractor.swift */; };
		A7832AD728AE50A70093EB4C /* FavoritesCoffeeShopsScreenContainer.swift in Sources */ = {isa = PBXBuildFile; fileRef = A7832AD128AE50A70093EB4C /* FavoritesCoffeeShopsScreenContainer.swift */; };
		A7832ADA28AE54410093EB4C /* UIViewController+Ext.swift in Sources */ = {isa = PBXBuildFile; fileRef = A7832AD928AE54410093EB4C /* UIViewController+Ext.swift */; };
		A7A04BE128B4BE6E004D8D71 /* GoogleService-Info.plist in Resources */ = {isa = PBXBuildFile; fileRef = A7A04BE028B4BE6E004D8D71 /* GoogleService-Info.plist */; };
		A7A04BE328B4CD16004D8D71 /* UIButton+Ext.swift in Sources */ = {isa = PBXBuildFile; fileRef = A7A04BE228B4CD16004D8D71 /* UIButton+Ext.swift */; };
		A7FB191D28B03E5900BB5943 /* FBAuthService.swift in Sources */ = {isa = PBXBuildFile; fileRef = A7FB191C28B03E5900BB5943 /* FBAuthService.swift */; };
		A7FB191F28B03E7100BB5943 /* FBService.swift in Sources */ = {isa = PBXBuildFile; fileRef = A7FB191E28B03E7100BB5943 /* FBService.swift */; };
		A7FB192128B03EB900BB5943 /* FBError.swift in Sources */ = {isa = PBXBuildFile; fileRef = A7FB192028B03EB900BB5943 /* FBError.swift */; };
		AFB32D5F131EC0A124E76104 /* Pods_CoffeeMap.framework in Frameworks */ = {isa = PBXBuildFile; fileRef = D9A41E375819B870F0AF202A /* Pods_CoffeeMap.framework */; };
/* End PBXBuildFile section */

/* Begin PBXFileReference section */
		0A1BE80828B0DA1000817529 /* CartScreenPresenter.swift */ = {isa = PBXFileReference; lastKnownFileType = sourcecode.swift; path = CartScreenPresenter.swift; sourceTree = "<group>"; };
		0A1BE80928B0DA1000817529 /* CartScreenRouter.swift */ = {isa = PBXFileReference; lastKnownFileType = sourcecode.swift; path = CartScreenRouter.swift; sourceTree = "<group>"; };
		0A1BE80A28B0DA1000817529 /* CartScreenViewController.swift */ = {isa = PBXFileReference; lastKnownFileType = sourcecode.swift; path = CartScreenViewController.swift; sourceTree = "<group>"; };
		0A1BE80B28B0DA1000817529 /* CartScreenProtocols.swift */ = {isa = PBXFileReference; lastKnownFileType = sourcecode.swift; path = CartScreenProtocols.swift; sourceTree = "<group>"; };
		0A1BE80C28B0DA1000817529 /* CartScreenInteractor.swift */ = {isa = PBXFileReference; lastKnownFileType = sourcecode.swift; path = CartScreenInteractor.swift; sourceTree = "<group>"; };
		0A1BE80D28B0DA1000817529 /* CartScreenContainer.swift */ = {isa = PBXFileReference; lastKnownFileType = sourcecode.swift; path = CartScreenContainer.swift; sourceTree = "<group>"; };
		0A1BE81428B0DC0400817529 /* CartList.swift */ = {isa = PBXFileReference; lastKnownFileType = sourcecode.swift; path = CartList.swift; sourceTree = "<group>"; };
		0A1BE81628B0EE4600817529 /* CartListHeader.swift */ = {isa = PBXFileReference; lastKnownFileType = sourcecode.swift; path = CartListHeader.swift; sourceTree = "<group>"; };
		0A1BE81828B0F7C300817529 /* CartListFooter.swift */ = {isa = PBXFileReference; lastKnownFileType = sourcecode.swift; path = CartListFooter.swift; sourceTree = "<group>"; };
		0A1BE81A28B11C6200817529 /* CartScreenCell.swift */ = {isa = PBXFileReference; lastKnownFileType = sourcecode.swift; path = CartScreenCell.swift; sourceTree = "<group>"; };
		0A1BE81C28B4C77700817529 /* VolidationManager.swift */ = {isa = PBXFileReference; lastKnownFileType = sourcecode.swift; path = VolidationManager.swift; sourceTree = "<group>"; };
		0A2DFCA728A6616E00C7F5BB /* LoginPresenter.swift */ = {isa = PBXFileReference; lastKnownFileType = sourcecode.swift; path = LoginPresenter.swift; sourceTree = "<group>"; };
		0A2DFCA828A6616E00C7F5BB /* LoginRouter.swift */ = {isa = PBXFileReference; lastKnownFileType = sourcecode.swift; path = LoginRouter.swift; sourceTree = "<group>"; };
		0A2DFCA928A6616E00C7F5BB /* LoginViewController.swift */ = {isa = PBXFileReference; lastKnownFileType = sourcecode.swift; path = LoginViewController.swift; sourceTree = "<group>"; };
		0A2DFCAA28A6616E00C7F5BB /* LoginProtocols.swift */ = {isa = PBXFileReference; lastKnownFileType = sourcecode.swift; path = LoginProtocols.swift; sourceTree = "<group>"; };
		0A2DFCAB28A6616E00C7F5BB /* LoginInteractor.swift */ = {isa = PBXFileReference; lastKnownFileType = sourcecode.swift; path = LoginInteractor.swift; sourceTree = "<group>"; };
		0A2DFCAC28A6616E00C7F5BB /* LoginContainer.swift */ = {isa = PBXFileReference; lastKnownFileType = sourcecode.swift; path = LoginContainer.swift; sourceTree = "<group>"; };
		0A2DFCBA28A6825100C7F5BB /* ModelsFB.swift */ = {isa = PBXFileReference; lastKnownFileType = sourcecode.swift; path = ModelsFB.swift; sourceTree = "<group>"; };
		0A2DFCBE28A934D200C7F5BB /* ModelConverter.swift */ = {isa = PBXFileReference; lastKnownFileType = sourcecode.swift; path = ModelConverter.swift; sourceTree = "<group>"; };
		0A8F951B28A24F8200ED90F9 /* CoffeeMap.app */ = {isa = PBXFileReference; explicitFileType = wrapper.application; includeInIndex = 0; path = CoffeeMap.app; sourceTree = BUILT_PRODUCTS_DIR; };
		0A8F951E28A24F8200ED90F9 /* AppDelegate.swift */ = {isa = PBXFileReference; lastKnownFileType = sourcecode.swift; path = AppDelegate.swift; sourceTree = "<group>"; };
		0A8F952028A24F8200ED90F9 /* SceneDelegate.swift */ = {isa = PBXFileReference; lastKnownFileType = sourcecode.swift; path = SceneDelegate.swift; sourceTree = "<group>"; };
		0A8F952728A24F8300ED90F9 /* Assets.xcassets */ = {isa = PBXFileReference; lastKnownFileType = folder.assetcatalog; path = Assets.xcassets; sourceTree = "<group>"; };
		0A8F952A28A24F8300ED90F9 /* Base */ = {isa = PBXFileReference; lastKnownFileType = file.storyboard; name = Base; path = Base.lproj/LaunchScreen.storyboard; sourceTree = "<group>"; };
		0A8F952C28A24F8300ED90F9 /* Info.plist */ = {isa = PBXFileReference; lastKnownFileType = text.plist.xml; path = Info.plist; sourceTree = "<group>"; };
		0A8F953D28A4D32A00ED90F9 /* LoginView.swift */ = {isa = PBXFileReference; lastKnownFileType = sourcecode.swift; path = LoginView.swift; sourceTree = "<group>"; };
		0A8F953F28A4D37300ED90F9 /* UIView+Ext.swift */ = {isa = PBXFileReference; lastKnownFileType = sourcecode.swift; path = "UIView+Ext.swift"; sourceTree = "<group>"; };
		0A8F954128A4D47A00ED90F9 /* UITextField+Ext.swift */ = {isa = PBXFileReference; lastKnownFileType = sourcecode.swift; path = "UITextField+Ext.swift"; sourceTree = "<group>"; };
		0A8F954528A4D61400ED90F9 /* UIImage+Ext.swift */ = {isa = PBXFileReference; lastKnownFileType = sourcecode.swift; path = "UIImage+Ext.swift"; sourceTree = "<group>"; };
		2B7D7A0E7071EABC6257BA8D /* Pods-CoffeeMap.debug.xcconfig */ = {isa = PBXFileReference; includeInIndex = 1; lastKnownFileType = text.xcconfig; name = "Pods-CoffeeMap.debug.xcconfig"; path = "Target Support Files/Pods-CoffeeMap/Pods-CoffeeMap.debug.xcconfig"; sourceTree = "<group>"; };
		5F94ED0028AAD91A00D89E3D /* FavouritesCell.swift */ = {isa = PBXFileReference; lastKnownFileType = sourcecode.swift; path = FavouritesCell.swift; sourceTree = "<group>"; };
		5F94ED1328AD1F1300D89E3D /* ShopListViewController.swift */ = {isa = PBXFileReference; lastKnownFileType = sourcecode.swift; path = ShopListViewController.swift; sourceTree = "<group>"; };
		A47B310C348A00042FA46913 /* Pods-CoffeeMap.release.xcconfig */ = {isa = PBXFileReference; includeInIndex = 1; lastKnownFileType = text.xcconfig; name = "Pods-CoffeeMap.release.xcconfig"; path = "Target Support Files/Pods-CoffeeMap/Pods-CoffeeMap.release.xcconfig"; sourceTree = "<group>"; };
		A63AC17128AA3090005E7907 /* ProfileHeaderModel.swift */ = {isa = PBXFileReference; lastKnownFileType = sourcecode.swift; path = ProfileHeaderModel.swift; sourceTree = "<group>"; };
		A63AC17328AA309E005E7907 /* ReceiptCellModel.swift */ = {isa = PBXFileReference; lastKnownFileType = sourcecode.swift; path = ReceiptCellModel.swift; sourceTree = "<group>"; };
		A63AC17928ACC5FA005E7907 /* ImageManager.swift */ = {isa = PBXFileReference; lastKnownFileType = sourcecode.swift; path = ImageManager.swift; sourceTree = "<group>"; };
		A63AC17B28ACC6D1005E7907 /* ImageCache.swift */ = {isa = PBXFileReference; lastKnownFileType = sourcecode.swift; path = ImageCache.swift; sourceTree = "<group>"; };
		A63AC17E28ACCB76005E7907 /* SkeletonImageView.swift */ = {isa = PBXFileReference; lastKnownFileType = sourcecode.swift; path = SkeletonImageView.swift; sourceTree = "<group>"; };
		A648A3E228A2A5ED00413915 /* MainTabBarController.swift */ = {isa = PBXFileReference; lastKnownFileType = sourcecode.swift; path = MainTabBarController.swift; sourceTree = "<group>"; };
		A648A3E428A2A6EB00413915 /* AppImageNames.swift */ = {isa = PBXFileReference; lastKnownFileType = sourcecode.swift; path = AppImageNames.swift; sourceTree = "<group>"; };
		A6CFA98628A6700B00B538DE /* ProfilePresenter.swift */ = {isa = PBXFileReference; lastKnownFileType = sourcecode.swift; path = ProfilePresenter.swift; sourceTree = "<group>"; };
		A6CFA98728A6700B00B538DE /* ProfileRouter.swift */ = {isa = PBXFileReference; lastKnownFileType = sourcecode.swift; path = ProfileRouter.swift; sourceTree = "<group>"; };
		A6CFA98828A6700B00B538DE /* ProfileViewController.swift */ = {isa = PBXFileReference; lastKnownFileType = sourcecode.swift; path = ProfileViewController.swift; sourceTree = "<group>"; };
		A6CFA98928A6700B00B538DE /* ProfileProtocols.swift */ = {isa = PBXFileReference; lastKnownFileType = sourcecode.swift; path = ProfileProtocols.swift; sourceTree = "<group>"; };
		A6CFA98A28A6700B00B538DE /* ProfileInteractor.swift */ = {isa = PBXFileReference; lastKnownFileType = sourcecode.swift; path = ProfileInteractor.swift; sourceTree = "<group>"; };
		A6CFA98B28A6700B00B538DE /* ProfileContainer.swift */ = {isa = PBXFileReference; lastKnownFileType = sourcecode.swift; path = ProfileContainer.swift; sourceTree = "<group>"; };
		A6CFA99328A6734D00B538DE /* ProfileTableViewHeader.swift */ = {isa = PBXFileReference; lastKnownFileType = sourcecode.swift; path = ProfileTableViewHeader.swift; sourceTree = "<group>"; };
		A6CFA99528A680B100B538DE /* ReceiptCollectionViewCell.swift */ = {isa = PBXFileReference; lastKnownFileType = sourcecode.swift; path = ReceiptCollectionViewCell.swift; sourceTree = "<group>"; };
		A7024FBF28A2BF82006103CD /* CoffeeShopDetailHeaderView.swift */ = {isa = PBXFileReference; lastKnownFileType = sourcecode.swift; path = CoffeeShopDetailHeaderView.swift; sourceTree = "<group>"; };
		A7054BCC28AA6BAD0082E9E5 /* Constants.swift */ = {isa = PBXFileReference; lastKnownFileType = sourcecode.swift; path = Constants.swift; sourceTree = "<group>"; };
		A7054BCE28AA7C5F0082E9E5 /* SectionTitleHeaderReusableView.swift */ = {isa = PBXFileReference; lastKnownFileType = sourcecode.swift; path = SectionTitleHeaderReusableView.swift; sourceTree = "<group>"; };
		A713A91928A5102B00769321 /* CoffeeShopDetailScreenPresenter.swift */ = {isa = PBXFileReference; lastKnownFileType = sourcecode.swift; path = CoffeeShopDetailScreenPresenter.swift; sourceTree = "<group>"; };
		A713A91A28A5102B00769321 /* CoffeeShopDetailScreenRouter.swift */ = {isa = PBXFileReference; lastKnownFileType = sourcecode.swift; path = CoffeeShopDetailScreenRouter.swift; sourceTree = "<group>"; };
		A713A91B28A5102B00769321 /* CoffeeShopDetailScreenViewController.swift */ = {isa = PBXFileReference; lastKnownFileType = sourcecode.swift; path = CoffeeShopDetailScreenViewController.swift; sourceTree = "<group>"; };
		A713A91C28A5102B00769321 /* CoffeeShopDetailScreenProtocols.swift */ = {isa = PBXFileReference; lastKnownFileType = sourcecode.swift; path = CoffeeShopDetailScreenProtocols.swift; sourceTree = "<group>"; };
		A713A91D28A5102B00769321 /* CoffeeShopDetailScreenInteractor.swift */ = {isa = PBXFileReference; lastKnownFileType = sourcecode.swift; path = CoffeeShopDetailScreenInteractor.swift; sourceTree = "<group>"; };
		A713A91E28A5102B00769321 /* CoffeeShopDetailScreenContainer.swift */ = {isa = PBXFileReference; lastKnownFileType = sourcecode.swift; path = CoffeeShopDetailScreenContainer.swift; sourceTree = "<group>"; };
		A713A95228A55CD900769321 /* DishSection.swift */ = {isa = PBXFileReference; lastKnownFileType = sourcecode.swift; path = DishSection.swift; sourceTree = "<group>"; };
		A71C551928A3824300142138 /* DishCollectionViewCell.swift */ = {isa = PBXFileReference; lastKnownFileType = sourcecode.swift; path = DishCollectionViewCell.swift; sourceTree = "<group>"; };
		A71C552B28A3BFC100142138 /* UITableView+Ext.swift */ = {isa = PBXFileReference; lastKnownFileType = sourcecode.swift; path = "UITableView+Ext.swift"; sourceTree = "<group>"; };
		A72AFD0328A663F20048634C /* DishConfiguratorPresenter.swift */ = {isa = PBXFileReference; lastKnownFileType = sourcecode.swift; path = DishConfiguratorPresenter.swift; sourceTree = "<group>"; };
		A72AFD0428A663F20048634C /* DishConfiguratorRouter.swift */ = {isa = PBXFileReference; lastKnownFileType = sourcecode.swift; path = DishConfiguratorRouter.swift; sourceTree = "<group>"; };
		A72AFD0528A663F20048634C /* DishConfiguratorViewController.swift */ = {isa = PBXFileReference; lastKnownFileType = sourcecode.swift; path = DishConfiguratorViewController.swift; sourceTree = "<group>"; };
		A72AFD0628A663F20048634C /* DishConfiguratorProtocols.swift */ = {isa = PBXFileReference; lastKnownFileType = sourcecode.swift; path = DishConfiguratorProtocols.swift; sourceTree = "<group>"; };
		A72AFD0728A663F20048634C /* DishConfiguratorInteractor.swift */ = {isa = PBXFileReference; lastKnownFileType = sourcecode.swift; path = DishConfiguratorInteractor.swift; sourceTree = "<group>"; };
		A72AFD0828A663F20048634C /* DishConfiguratorContainer.swift */ = {isa = PBXFileReference; lastKnownFileType = sourcecode.swift; path = DishConfiguratorContainer.swift; sourceTree = "<group>"; };
		A730E90828A3C3E900A3B4C4 /* UITableViewCell+Ext.swift */ = {isa = PBXFileReference; lastKnownFileType = sourcecode.swift; path = "UITableViewCell+Ext.swift"; sourceTree = "<group>"; };
		A730E90A28A3C42C00A3B4C4 /* UICollectionView+Ext.swift */ = {isa = PBXFileReference; lastKnownFileType = sourcecode.swift; path = "UICollectionView+Ext.swift"; sourceTree = "<group>"; };
		A730E90C28A424F700A3B4C4 /* UIColor+Ext.swift */ = {isa = PBXFileReference; lastKnownFileType = sourcecode.swift; path = "UIColor+Ext.swift"; sourceTree = "<group>"; };
		A737099128B02DA300A74547 /* CoffeeShopBottomSheetDataSource.swift */ = {isa = PBXFileReference; lastKnownFileType = sourcecode.swift; path = CoffeeShopBottomSheetDataSource.swift; sourceTree = "<group>"; };
		A73A1B0D28AABD6A00D5022D /* HomeScreenPresenter.swift */ = {isa = PBXFileReference; lastKnownFileType = sourcecode.swift; path = HomeScreenPresenter.swift; sourceTree = "<group>"; };
		A73A1B0E28AABD6A00D5022D /* HomeScreenRouter.swift */ = {isa = PBXFileReference; lastKnownFileType = sourcecode.swift; path = HomeScreenRouter.swift; sourceTree = "<group>"; };
		A73A1B0F28AABD6A00D5022D /* HomeScreenViewController.swift */ = {isa = PBXFileReference; lastKnownFileType = sourcecode.swift; path = HomeScreenViewController.swift; sourceTree = "<group>"; };
		A73A1B1028AABD6A00D5022D /* HomeScreenProtocols.swift */ = {isa = PBXFileReference; lastKnownFileType = sourcecode.swift; path = HomeScreenProtocols.swift; sourceTree = "<group>"; };
		A73A1B1128AABD6A00D5022D /* HomeScreenInteractor.swift */ = {isa = PBXFileReference; lastKnownFileType = sourcecode.swift; path = HomeScreenInteractor.swift; sourceTree = "<group>"; };
		A73A1B1228AABD6A00D5022D /* HomeScreenContainer.swift */ = {isa = PBXFileReference; lastKnownFileType = sourcecode.swift; path = HomeScreenContainer.swift; sourceTree = "<group>"; };
		A73A1B1B28AE28D200D5022D /* CoffeeShopAnnotation.swift */ = {isa = PBXFileReference; lastKnownFileType = sourcecode.swift; path = CoffeeShopAnnotation.swift; sourceTree = "<group>"; };
		A73A1B1D28AE28F200D5022D /* CoffeeShopMarkerAnnotationView.swift */ = {isa = PBXFileReference; lastKnownFileType = sourcecode.swift; path = CoffeeShopMarkerAnnotationView.swift; sourceTree = "<group>"; };
		A73A1B2128AE3EEB00D5022D /* MKMarkerAnnotationView+Ext.swift */ = {isa = PBXFileReference; lastKnownFileType = sourcecode.swift; path = "MKMarkerAnnotationView+Ext.swift"; sourceTree = "<group>"; };
		A76377C128AF9EE200E95AD6 /* CoffeeShopClusterAnnotation.swift */ = {isa = PBXFileReference; lastKnownFileType = sourcecode.swift; path = CoffeeShopClusterAnnotation.swift; sourceTree = "<group>"; };
		A77A7FAF28B4F648006E53BB /* CoffeeSize.swift */ = {isa = PBXFileReference; lastKnownFileType = sourcecode.swift; path = CoffeeSize.swift; sourceTree = "<group>"; };
		A782BDDB28B3617900E6990E /* DishConfigurationAlertView.swift */ = {isa = PBXFileReference; lastKnownFileType = sourcecode.swift; path = DishConfigurationAlertView.swift; sourceTree = "<group>"; };
		A782BDDE28B3641800E6990E /* UILabel+Ext.swift */ = {isa = PBXFileReference; lastKnownFileType = sourcecode.swift; path = "UILabel+Ext.swift"; sourceTree = "<group>"; };
		A7832ACC28AE50A70093EB4C /* FavoritesCoffeeShopsScreenPresenter.swift */ = {isa = PBXFileReference; lastKnownFileType = sourcecode.swift; path = FavoritesCoffeeShopsScreenPresenter.swift; sourceTree = "<group>"; };
		A7832ACD28AE50A70093EB4C /* FavoritesCoffeeShopsScreenRouter.swift */ = {isa = PBXFileReference; lastKnownFileType = sourcecode.swift; path = FavoritesCoffeeShopsScreenRouter.swift; sourceTree = "<group>"; };
		A7832ACE28AE50A70093EB4C /* FavoritesCoffeeShopsScreenViewController.swift */ = {isa = PBXFileReference; lastKnownFileType = sourcecode.swift; path = FavoritesCoffeeShopsScreenViewController.swift; sourceTree = "<group>"; };
		A7832ACF28AE50A70093EB4C /* FavoritesCoffeeShopsScreenProtocols.swift */ = {isa = PBXFileReference; lastKnownFileType = sourcecode.swift; path = FavoritesCoffeeShopsScreenProtocols.swift; sourceTree = "<group>"; };
		A7832AD028AE50A70093EB4C /* FavoritesCoffeeShopsScreenInteractor.swift */ = {isa = PBXFileReference; lastKnownFileType = sourcecode.swift; path = FavoritesCoffeeShopsScreenInteractor.swift; sourceTree = "<group>"; };
		A7832AD128AE50A70093EB4C /* FavoritesCoffeeShopsScreenContainer.swift */ = {isa = PBXFileReference; lastKnownFileType = sourcecode.swift; path = FavoritesCoffeeShopsScreenContainer.swift; sourceTree = "<group>"; };
		A7832AD928AE54410093EB4C /* UIViewController+Ext.swift */ = {isa = PBXFileReference; lastKnownFileType = sourcecode.swift; path = "UIViewController+Ext.swift"; sourceTree = "<group>"; };
		A7A04BE028B4BE6E004D8D71 /* GoogleService-Info.plist */ = {isa = PBXFileReference; fileEncoding = 4; lastKnownFileType = text.plist.xml; path = "GoogleService-Info.plist"; sourceTree = "<group>"; };
		A7A04BE228B4CD16004D8D71 /* UIButton+Ext.swift */ = {isa = PBXFileReference; lastKnownFileType = sourcecode.swift; path = "UIButton+Ext.swift"; sourceTree = "<group>"; };
		A7FB191C28B03E5900BB5943 /* FBAuthService.swift */ = {isa = PBXFileReference; lastKnownFileType = sourcecode.swift; path = FBAuthService.swift; sourceTree = "<group>"; };
		A7FB191E28B03E7100BB5943 /* FBService.swift */ = {isa = PBXFileReference; lastKnownFileType = sourcecode.swift; path = FBService.swift; sourceTree = "<group>"; };
		A7FB192028B03EB900BB5943 /* FBError.swift */ = {isa = PBXFileReference; lastKnownFileType = sourcecode.swift; path = FBError.swift; sourceTree = "<group>"; };
		D9A41E375819B870F0AF202A /* Pods_CoffeeMap.framework */ = {isa = PBXFileReference; explicitFileType = wrapper.framework; includeInIndex = 0; path = Pods_CoffeeMap.framework; sourceTree = BUILT_PRODUCTS_DIR; };
/* End PBXFileReference section */

/* Begin PBXFrameworksBuildPhase section */
		0A8F951828A24F8200ED90F9 /* Frameworks */ = {
			isa = PBXFrameworksBuildPhase;
			buildActionMask = 2147483647;
			files = (
				AFB32D5F131EC0A124E76104 /* Pods_CoffeeMap.framework in Frameworks */,
			);
			runOnlyForDeploymentPostprocessing = 0;
		};
/* End PBXFrameworksBuildPhase section */

/* Begin PBXGroup section */
		0A1BE80728B0D9FD00817529 /* CartScreen */ = {
			isa = PBXGroup;
			children = (
				0A1BE80828B0DA1000817529 /* CartScreenPresenter.swift */,
				0A1BE80928B0DA1000817529 /* CartScreenRouter.swift */,
				0A1BE80A28B0DA1000817529 /* CartScreenViewController.swift */,
				0A1BE80B28B0DA1000817529 /* CartScreenProtocols.swift */,
				0A1BE80C28B0DA1000817529 /* CartScreenInteractor.swift */,
				0A1BE80D28B0DA1000817529 /* CartScreenContainer.swift */,
				0A1BE81428B0DC0400817529 /* CartList.swift */,
				0A1BE81628B0EE4600817529 /* CartListHeader.swift */,
				0A1BE81828B0F7C300817529 /* CartListFooter.swift */,
				0A1BE81A28B11C6200817529 /* CartScreenCell.swift */,
			);
			path = CartScreen;
			sourceTree = "<group>";
		};
		0A2DFCA628A6601500C7F5BB /* Login */ = {
			isa = PBXGroup;
			children = (
				0A8F953D28A4D32A00ED90F9 /* LoginView.swift */,
				0A2DFCA728A6616E00C7F5BB /* LoginPresenter.swift */,
				0A2DFCA828A6616E00C7F5BB /* LoginRouter.swift */,
				0A2DFCA928A6616E00C7F5BB /* LoginViewController.swift */,
				0A2DFCAA28A6616E00C7F5BB /* LoginProtocols.swift */,
				0A2DFCAB28A6616E00C7F5BB /* LoginInteractor.swift */,
				0A2DFCAC28A6616E00C7F5BB /* LoginContainer.swift */,
				0A1BE81C28B4C77700817529 /* VolidationManager.swift */,
			);
			path = Login;
			sourceTree = "<group>";
		};
		0A2DFCB928A6823600C7F5BB /* Models */ = {
			isa = PBXGroup;
			children = (
				0A2DFCBA28A6825100C7F5BB /* ModelsFB.swift */,
				0A2DFCBE28A934D200C7F5BB /* ModelConverter.swift */,
			);
			path = Models;
			sourceTree = "<group>";
		};
		0A8F951228A24F8200ED90F9 = {
			isa = PBXGroup;
			children = (
				0A8F951D28A24F8200ED90F9 /* CoffeeMap */,
				0A8F951C28A24F8200ED90F9 /* Products */,
				1FCE1DA24902469DEABD13B3 /* Pods */,
				D112E00F5CFFDC072CA30F12 /* Frameworks */,
			);
			sourceTree = "<group>";
		};
		0A8F951C28A24F8200ED90F9 /* Products */ = {
			isa = PBXGroup;
			children = (
				0A8F951B28A24F8200ED90F9 /* CoffeeMap.app */,
			);
			name = Products;
			sourceTree = "<group>";
		};
		0A8F951D28A24F8200ED90F9 /* CoffeeMap */ = {
			isa = PBXGroup;
			children = (
				0A1BE80728B0D9FD00817529 /* CartScreen */,
				A737099328B03E1C00A74547 /* Service */,
				A6CFA98528A66FE200B538DE /* Profile */,
				A63AC17928ACC5FA005E7907 /* ImageManager.swift */,
				A63AC17B28ACC6D1005E7907 /* ImageCache.swift */,
				0A2DFCB928A6823600C7F5BB /* Models */,
				A7832AD828AE50AC0093EB4C /* FavoritesScreen */,
				A73A1B1928AABD7100D5022D /* HomeScreen */,
				A72AFD0228A663C90048634C /* DishConfigurator */,
				A713A91828A50FF200769321 /* ShopDetail */,
				0A8F953428A2525200ED90F9 /* Common */,
				0A2DFCA628A6601500C7F5BB /* Login */,
				0A8F952928A24F8300ED90F9 /* LaunchScreen.storyboard */,
			);
			path = CoffeeMap;
			sourceTree = "<group>";
		};
		0A8F953428A2525200ED90F9 /* Common */ = {
			isa = PBXGroup;
			children = (
				A63AC17D28ACCB64005E7907 /* Components */,
				A737099028B02D8A00A74547 /* DataSources */,
				A7054BCC28AA6BAD0082E9E5 /* Constants.swift */,
				A7832ADB28AE6CE00093EB4C /* Controllers */,
				A71C552A28A3BFAA00142138 /* Extensions */,
				A7024FB028A2A2D2006103CD /* Model */,
				0A8F951E28A24F8200ED90F9 /* AppDelegate.swift */,
				0A8F952028A24F8200ED90F9 /* SceneDelegate.swift */,
				A648A3E228A2A5ED00413915 /* MainTabBarController.swift */,
				A648A3E428A2A6EB00413915 /* AppImageNames.swift */,
				0A8F952728A24F8300ED90F9 /* Assets.xcassets */,
				0A8F952C28A24F8300ED90F9 /* Info.plist */,
				A7A04BE028B4BE6E004D8D71 /* GoogleService-Info.plist */,
			);
			path = Common;
			sourceTree = "<group>";
		};
		1FCE1DA24902469DEABD13B3 /* Pods */ = {
			isa = PBXGroup;
			children = (
				2B7D7A0E7071EABC6257BA8D /* Pods-CoffeeMap.debug.xcconfig */,
				A47B310C348A00042FA46913 /* Pods-CoffeeMap.release.xcconfig */,
			);
			path = Pods;
			sourceTree = "<group>";
		};
		5F94ECFF28AAD89D00D89E3D /* Cells */ = {
			isa = PBXGroup;
			children = (
				5F94ED0028AAD91A00D89E3D /* FavouritesCell.swift */,
			);
			path = Cells;
			sourceTree = "<group>";
		};
		A63AC17028AA307A005E7907 /* Models */ = {
			isa = PBXGroup;
			children = (
				A63AC17128AA3090005E7907 /* ProfileHeaderModel.swift */,
				A63AC17328AA309E005E7907 /* ReceiptCellModel.swift */,
			);
			path = Models;
			sourceTree = "<group>";
		};
		A63AC17D28ACCB64005E7907 /* Components */ = {
			isa = PBXGroup;
			children = (
				A63AC17E28ACCB76005E7907 /* SkeletonImageView.swift */,
			);
			path = Components;
			sourceTree = "<group>";
		};
		A6CFA98528A66FE200B538DE /* Profile */ = {
			isa = PBXGroup;
			children = (
				A63AC17028AA307A005E7907 /* Models */,
				A6CFA99228A6733D00B538DE /* Views */,
				A6CFA98628A6700B00B538DE /* ProfilePresenter.swift */,
				A6CFA98728A6700B00B538DE /* ProfileRouter.swift */,
				A6CFA98828A6700B00B538DE /* ProfileViewController.swift */,
				A6CFA98928A6700B00B538DE /* ProfileProtocols.swift */,
				A6CFA98A28A6700B00B538DE /* ProfileInteractor.swift */,
				A6CFA98B28A6700B00B538DE /* ProfileContainer.swift */,
			);
			path = Profile;
			sourceTree = "<group>";
		};
		A6CFA99228A6733D00B538DE /* Views */ = {
			isa = PBXGroup;
			children = (
				A6CFA99328A6734D00B538DE /* ProfileTableViewHeader.swift */,
				A6CFA99528A680B100B538DE /* ReceiptCollectionViewCell.swift */,
			);
			path = Views;
			sourceTree = "<group>";
		};
		A7024FB028A2A2D2006103CD /* Model */ = {
			isa = PBXGroup;
			children = (
				A713A95228A55CD900769321 /* DishSection.swift */,
				A77A7FAF28B4F648006E53BB /* CoffeeSize.swift */,
			);
			path = Model;
			sourceTree = "<group>";
		};
		A713A91828A50FF200769321 /* ShopDetail */ = {
			isa = PBXGroup;
			children = (
				A72AFD0128A65EE70048634C /* Views */,
				A72AFCFF28A65CA70048634C /* Cells */,
				A713A91928A5102B00769321 /* CoffeeShopDetailScreenPresenter.swift */,
				A713A91A28A5102B00769321 /* CoffeeShopDetailScreenRouter.swift */,
				A713A91B28A5102B00769321 /* CoffeeShopDetailScreenViewController.swift */,
				A713A91C28A5102B00769321 /* CoffeeShopDetailScreenProtocols.swift */,
				A713A91D28A5102B00769321 /* CoffeeShopDetailScreenInteractor.swift */,
				A713A91E28A5102B00769321 /* CoffeeShopDetailScreenContainer.swift */,
			);
			path = ShopDetail;
			sourceTree = "<group>";
		};
		A71C552A28A3BFAA00142138 /* Extensions */ = {
			isa = PBXGroup;
			children = (
				0A8F953F28A4D37300ED90F9 /* UIView+Ext.swift */,
				0A8F954128A4D47A00ED90F9 /* UITextField+Ext.swift */,
				0A8F954528A4D61400ED90F9 /* UIImage+Ext.swift */,
				A71C552B28A3BFC100142138 /* UITableView+Ext.swift */,
				A730E90828A3C3E900A3B4C4 /* UITableViewCell+Ext.swift */,
				A730E90A28A3C42C00A3B4C4 /* UICollectionView+Ext.swift */,
				A730E90C28A424F700A3B4C4 /* UIColor+Ext.swift */,
				A73A1B2128AE3EEB00D5022D /* MKMarkerAnnotationView+Ext.swift */,
				A7832AD928AE54410093EB4C /* UIViewController+Ext.swift */,
				A782BDDE28B3641800E6990E /* UILabel+Ext.swift */,
				A7A04BE228B4CD16004D8D71 /* UIButton+Ext.swift */,
			);
			path = Extensions;
			sourceTree = "<group>";
		};
		A72AFCFF28A65CA70048634C /* Cells */ = {
			isa = PBXGroup;
			children = (
				A71C551928A3824300142138 /* DishCollectionViewCell.swift */,
				A7054BCE28AA7C5F0082E9E5 /* SectionTitleHeaderReusableView.swift */,
			);
			path = Cells;
			sourceTree = "<group>";
		};
		A72AFD0128A65EE70048634C /* Views */ = {
			isa = PBXGroup;
			children = (
				A7024FBF28A2BF82006103CD /* CoffeeShopDetailHeaderView.swift */,
			);
			path = Views;
			sourceTree = "<group>";
		};
		A72AFD0228A663C90048634C /* DishConfigurator */ = {
			isa = PBXGroup;
			children = (
				A782BDDD28B3617C00E6990E /* Views */,
				A72AFD0328A663F20048634C /* DishConfiguratorPresenter.swift */,
				A72AFD0428A663F20048634C /* DishConfiguratorRouter.swift */,
				A72AFD0528A663F20048634C /* DishConfiguratorViewController.swift */,
				A72AFD0628A663F20048634C /* DishConfiguratorProtocols.swift */,
				A72AFD0728A663F20048634C /* DishConfiguratorInteractor.swift */,
				A72AFD0828A663F20048634C /* DishConfiguratorContainer.swift */,
			);
			path = DishConfigurator;
			sourceTree = "<group>";
		};
		A737099028B02D8A00A74547 /* DataSources */ = {
			isa = PBXGroup;
			children = (
				A737099128B02DA300A74547 /* CoffeeShopBottomSheetDataSource.swift */,
			);
			path = DataSources;
			sourceTree = "<group>";
		};
		A737099328B03E1C00A74547 /* Service */ = {
			isa = PBXGroup;
			children = (
				A737099428B03E2300A74547 /* Firebase */,
			);
			path = Service;
			sourceTree = "<group>";
		};
		A737099428B03E2300A74547 /* Firebase */ = {
			isa = PBXGroup;
			children = (
				A7FB191C28B03E5900BB5943 /* FBAuthService.swift */,
				A7FB191E28B03E7100BB5943 /* FBService.swift */,
				A7FB192028B03EB900BB5943 /* FBError.swift */,
			);
			path = Firebase;
			sourceTree = "<group>";
		};
		A73A1B1928AABD7100D5022D /* HomeScreen */ = {
			isa = PBXGroup;
			children = (
				A73A1B1A28AE28C300D5022D /* Views */,
				A73A1B0D28AABD6A00D5022D /* HomeScreenPresenter.swift */,
				A73A1B0E28AABD6A00D5022D /* HomeScreenRouter.swift */,
				A73A1B0F28AABD6A00D5022D /* HomeScreenViewController.swift */,
				A73A1B1028AABD6A00D5022D /* HomeScreenProtocols.swift */,
				A73A1B1128AABD6A00D5022D /* HomeScreenInteractor.swift */,
				A73A1B1228AABD6A00D5022D /* HomeScreenContainer.swift */,
			);
			path = HomeScreen;
			sourceTree = "<group>";
		};
		A73A1B1A28AE28C300D5022D /* Views */ = {
			isa = PBXGroup;
			children = (
				A73A1B1B28AE28D200D5022D /* CoffeeShopAnnotation.swift */,
				A73A1B1D28AE28F200D5022D /* CoffeeShopMarkerAnnotationView.swift */,
				A76377C128AF9EE200E95AD6 /* CoffeeShopClusterAnnotation.swift */,
			);
			path = Views;
			sourceTree = "<group>";
		};
		A782BDDD28B3617C00E6990E /* Views */ = {
			isa = PBXGroup;
			children = (
				A782BDDB28B3617900E6990E /* DishConfigurationAlertView.swift */,
			);
			path = Views;
			sourceTree = "<group>";
		};
		A7832AD828AE50AC0093EB4C /* FavoritesScreen */ = {
			isa = PBXGroup;
			children = (
				5F94ECFF28AAD89D00D89E3D /* Cells */,
				A7832ACC28AE50A70093EB4C /* FavoritesCoffeeShopsScreenPresenter.swift */,
				A7832ACD28AE50A70093EB4C /* FavoritesCoffeeShopsScreenRouter.swift */,
				A7832ACE28AE50A70093EB4C /* FavoritesCoffeeShopsScreenViewController.swift */,
				A7832ACF28AE50A70093EB4C /* FavoritesCoffeeShopsScreenProtocols.swift */,
				A7832AD028AE50A70093EB4C /* FavoritesCoffeeShopsScreenInteractor.swift */,
				A7832AD128AE50A70093EB4C /* FavoritesCoffeeShopsScreenContainer.swift */,
			);
			path = FavoritesScreen;
			sourceTree = "<group>";
		};
		A7832ADB28AE6CE00093EB4C /* Controllers */ = {
			isa = PBXGroup;
			children = (
				5F94ED1328AD1F1300D89E3D /* ShopListViewController.swift */,
			);
			path = Controllers;
			sourceTree = "<group>";
		};
		D112E00F5CFFDC072CA30F12 /* Frameworks */ = {
			isa = PBXGroup;
			children = (
				D9A41E375819B870F0AF202A /* Pods_CoffeeMap.framework */,
			);
			name = Frameworks;
			sourceTree = "<group>";
		};
/* End PBXGroup section */

/* Begin PBXNativeTarget section */
		0A8F951A28A24F8200ED90F9 /* CoffeeMap */ = {
			isa = PBXNativeTarget;
			buildConfigurationList = 0A8F952F28A24F8300ED90F9 /* Build configuration list for PBXNativeTarget "CoffeeMap" */;
			buildPhases = (
				39DF78118C46586EC07D03AD /* [CP] Check Pods Manifest.lock */,
				A734E4DD28A25F5400F8E4EC /* Run SwiftLint */,
				0A8F951728A24F8200ED90F9 /* Sources */,
				0A8F951828A24F8200ED90F9 /* Frameworks */,
				0A8F951928A24F8200ED90F9 /* Resources */,
				90D699727E16A66A5BC26D05 /* [CP] Embed Pods Frameworks */,
			);
			buildRules = (
			);
			dependencies = (
			);
			name = CoffeeMap;
			productName = CoffeeMap;
			productReference = 0A8F951B28A24F8200ED90F9 /* CoffeeMap.app */;
			productType = "com.apple.product-type.application";
		};
/* End PBXNativeTarget section */

/* Begin PBXProject section */
		0A8F951328A24F8200ED90F9 /* Project object */ = {
			isa = PBXProject;
			attributes = {
				BuildIndependentTargetsInParallel = 1;
				LastSwiftUpdateCheck = 1320;
				LastUpgradeCheck = 1320;
				TargetAttributes = {
					0A8F951A28A24F8200ED90F9 = {
						CreatedOnToolsVersion = 13.2.1;
					};
				};
			};
			buildConfigurationList = 0A8F951628A24F8200ED90F9 /* Build configuration list for PBXProject "CoffeeMap" */;
			compatibilityVersion = "Xcode 13.0";
			developmentRegion = en;
			hasScannedForEncodings = 0;
			knownRegions = (
				en,
				Base,
			);
			mainGroup = 0A8F951228A24F8200ED90F9;
			productRefGroup = 0A8F951C28A24F8200ED90F9 /* Products */;
			projectDirPath = "";
			projectRoot = "";
			targets = (
				0A8F951A28A24F8200ED90F9 /* CoffeeMap */,
			);
		};
/* End PBXProject section */

/* Begin PBXResourcesBuildPhase section */
		0A8F951928A24F8200ED90F9 /* Resources */ = {
			isa = PBXResourcesBuildPhase;
			buildActionMask = 2147483647;
			files = (
				0A8F952B28A24F8300ED90F9 /* LaunchScreen.storyboard in Resources */,
				0A8F952828A24F8300ED90F9 /* Assets.xcassets in Resources */,
				A7A04BE128B4BE6E004D8D71 /* GoogleService-Info.plist in Resources */,
			);
			runOnlyForDeploymentPostprocessing = 0;
		};
/* End PBXResourcesBuildPhase section */

/* Begin PBXShellScriptBuildPhase section */
		39DF78118C46586EC07D03AD /* [CP] Check Pods Manifest.lock */ = {
			isa = PBXShellScriptBuildPhase;
			buildActionMask = 2147483647;
			files = (
			);
			inputFileListPaths = (
			);
			inputPaths = (
				"${PODS_PODFILE_DIR_PATH}/Podfile.lock",
				"${PODS_ROOT}/Manifest.lock",
			);
			name = "[CP] Check Pods Manifest.lock";
			outputFileListPaths = (
			);
			outputPaths = (
				"$(DERIVED_FILE_DIR)/Pods-CoffeeMap-checkManifestLockResult.txt",
			);
			runOnlyForDeploymentPostprocessing = 0;
			shellPath = /bin/sh;
			shellScript = "diff \"${PODS_PODFILE_DIR_PATH}/Podfile.lock\" \"${PODS_ROOT}/Manifest.lock\" > /dev/null\nif [ $? != 0 ] ; then\n    # print error to STDERR\n    echo \"error: The sandbox is not in sync with the Podfile.lock. Run 'pod install' or update your CocoaPods installation.\" >&2\n    exit 1\nfi\n# This output is used by Xcode 'outputs' to avoid re-running this script phase.\necho \"SUCCESS\" > \"${SCRIPT_OUTPUT_FILE_0}\"\n";
			showEnvVarsInLog = 0;
		};
		90D699727E16A66A5BC26D05 /* [CP] Embed Pods Frameworks */ = {
			isa = PBXShellScriptBuildPhase;
			buildActionMask = 8;
			files = (
			);
			inputFileListPaths = (
				"${PODS_ROOT}/Target Support Files/Pods-CoffeeMap/Pods-CoffeeMap-frameworks-${CONFIGURATION}-input-files.xcfilelist",
			);
			name = "[CP] Embed Pods Frameworks";
			outputFileListPaths = (
				"${PODS_ROOT}/Target Support Files/Pods-CoffeeMap/Pods-CoffeeMap-frameworks-${CONFIGURATION}-output-files.xcfilelist",
			);
			runOnlyForDeploymentPostprocessing = 0;
			shellPath = /bin/sh;
			shellScript = "\"${PODS_ROOT}/Target Support Files/Pods-CoffeeMap/Pods-CoffeeMap-frameworks.sh\"\n";
			showEnvVarsInLog = 0;
		};
		A734E4DD28A25F5400F8E4EC /* Run SwiftLint */ = {
			isa = PBXShellScriptBuildPhase;
			buildActionMask = 8;
			files = (
			);
			inputFileListPaths = (
			);
			inputPaths = (
			);
			name = "Run SwiftLint";
			outputFileListPaths = (
			);
			outputPaths = (
			);
			runOnlyForDeploymentPostprocessing = 1;
			shellPath = /bin/sh;
			shellScript = "if test -d \"/opt/homebrew/bin/\"; then\n  PATH=\"/opt/homebrew/bin/:${PATH}\"\nfi\n\nexport PATH\n\nif which swiftlint > /dev/null; then\n  swiftlint\nelse\n  echo \"warning: SwiftLint not installed, download from https://github.com/realm/SwiftLint\"\nfi\n";
		};
/* End PBXShellScriptBuildPhase section */

/* Begin PBXSourcesBuildPhase section */
		0A8F951728A24F8200ED90F9 /* Sources */ = {
			isa = PBXSourcesBuildPhase;
			buildActionMask = 2147483647;
			files = (
				0A2DFCAF28A6616E00C7F5BB /* LoginViewController.swift in Sources */,
				0A1BE81D28B4C77700817529 /* VolidationManager.swift in Sources */,
				A7832AD528AE50A70093EB4C /* FavoritesCoffeeShopsScreenProtocols.swift in Sources */,
				0A2DFCAD28A6616E00C7F5BB /* LoginPresenter.swift in Sources */,
				A7832AD628AE50A70093EB4C /* FavoritesCoffeeShopsScreenInteractor.swift in Sources */,
				0A1BE81728B0EE4600817529 /* CartListHeader.swift in Sources */,
				A73A1B1428AABD6A00D5022D /* HomeScreenRouter.swift in Sources */,
				0A2DFCB128A6616E00C7F5BB /* LoginInteractor.swift in Sources */,
				A737099228B02DA300A74547 /* CoffeeShopBottomSheetDataSource.swift in Sources */,
				0A8F954028A4D37300ED90F9 /* UIView+Ext.swift in Sources */,
				0A8F954228A4D47A00ED90F9 /* UITextField+Ext.swift in Sources */,
				A7A04BE328B4CD16004D8D71 /* UIButton+Ext.swift in Sources */,
				0A1BE81228B0DA1000817529 /* CartScreenInteractor.swift in Sources */,
				A7832AD728AE50A70093EB4C /* FavoritesCoffeeShopsScreenContainer.swift in Sources */,
				A7832AD328AE50A70093EB4C /* FavoritesCoffeeShopsScreenRouter.swift in Sources */,
				0A2DFCB028A6616E00C7F5BB /* LoginProtocols.swift in Sources */,
				A648A3E328A2A5ED00413915 /* MainTabBarController.swift in Sources */,
				A77A7FB028B4F648006E53BB /* CoffeeSize.swift in Sources */,
				A63AC17F28ACCB76005E7907 /* SkeletonImageView.swift in Sources */,
				A6CFA99628A680B100B538DE /* ReceiptCollectionViewCell.swift in Sources */,
				A6CFA99128A6700B00B538DE /* ProfileContainer.swift in Sources */,
				0A1BE81328B0DA1000817529 /* CartScreenContainer.swift in Sources */,
				A63AC17C28ACC6D1005E7907 /* ImageCache.swift in Sources */,
				A6CFA99028A6700B00B538DE /* ProfileInteractor.swift in Sources */,
				A6CFA98C28A6700B00B538DE /* ProfilePresenter.swift in Sources */,
				A7FB191F28B03E7100BB5943 /* FBService.swift in Sources */,
				A730E90928A3C3E900A3B4C4 /* UITableViewCell+Ext.swift in Sources */,
				A782BDDF28B3641800E6990E /* UILabel+Ext.swift in Sources */,
				A72AFD0A28A663F20048634C /* DishConfiguratorRouter.swift in Sources */,
				A713A92328A5102B00769321 /* CoffeeShopDetailScreenInteractor.swift in Sources */,
				A7054BCD28AA6BAD0082E9E5 /* Constants.swift in Sources */,
				5F94ED0128AAD91A00D89E3D /* FavouritesCell.swift in Sources */,
				A713A92028A5102B00769321 /* CoffeeShopDetailScreenRouter.swift in Sources */,
				A73A1B1328AABD6A00D5022D /* HomeScreenPresenter.swift in Sources */,
				A72AFD0D28A663F20048634C /* DishConfiguratorInteractor.swift in Sources */,
				A72AFD0928A663F20048634C /* DishConfiguratorPresenter.swift in Sources */,
				0A1BE81B28B11C6200817529 /* CartScreenCell.swift in Sources */,
				A73A1B1E28AE28F200D5022D /* CoffeeShopMarkerAnnotationView.swift in Sources */,
				A73A1B1528AABD6A00D5022D /* HomeScreenViewController.swift in Sources */,
				A7FB192128B03EB900BB5943 /* FBError.swift in Sources */,
				A73A1B1728AABD6A00D5022D /* HomeScreenInteractor.swift in Sources */,
				A730E90B28A3C42C00A3B4C4 /* UICollectionView+Ext.swift in Sources */,
				A71C551A28A3824300142138 /* DishCollectionViewCell.swift in Sources */,
				A63AC17A28ACC5FA005E7907 /* ImageManager.swift in Sources */,
				A713A95328A55CD900769321 /* DishSection.swift in Sources */,
				A7024FC028A2BF82006103CD /* CoffeeShopDetailHeaderView.swift in Sources */,
				A713A92228A5102B00769321 /* CoffeeShopDetailScreenProtocols.swift in Sources */,
				0A1BE80F28B0DA1000817529 /* CartScreenRouter.swift in Sources */,
				A7832ADA28AE54410093EB4C /* UIViewController+Ext.swift in Sources */,
				A73A1B1828AABD6A00D5022D /* HomeScreenContainer.swift in Sources */,
				A72AFD0E28A663F20048634C /* DishConfiguratorContainer.swift in Sources */,
				A713A91F28A5102B00769321 /* CoffeeShopDetailScreenPresenter.swift in Sources */,
				0A8F951F28A24F8200ED90F9 /* AppDelegate.swift in Sources */,
				A6CFA98F28A6700B00B538DE /* ProfileProtocols.swift in Sources */,
				A7FB191D28B03E5900BB5943 /* FBAuthService.swift in Sources */,
				0A8F954628A4D61400ED90F9 /* UIImage+Ext.swift in Sources */,
				A7832AD428AE50A70093EB4C /* FavoritesCoffeeShopsScreenViewController.swift in Sources */,
				0A2DFCB228A6616E00C7F5BB /* LoginContainer.swift in Sources */,
				A7832AD228AE50A70093EB4C /* FavoritesCoffeeShopsScreenPresenter.swift in Sources */,
				0A1BE81528B0DC0400817529 /* CartList.swift in Sources */,
				A648A3E528A2A6EB00413915 /* AppImageNames.swift in Sources */,
				0A8F953E28A4D32A00ED90F9 /* LoginView.swift in Sources */,
				0A2DFCBF28A934D200C7F5BB /* ModelConverter.swift in Sources */,
				0A1BE81128B0DA1000817529 /* CartScreenProtocols.swift in Sources */,
				A76377C228AF9EE200E95AD6 /* CoffeeShopClusterAnnotation.swift in Sources */,
				0A2DFCBB28A6825100C7F5BB /* ModelsFB.swift in Sources */,
				0A2DFCAE28A6616E00C7F5BB /* LoginRouter.swift in Sources */,
				A72AFD0C28A663F20048634C /* DishConfiguratorProtocols.swift in Sources */,
				A73A1B1628AABD6A00D5022D /* HomeScreenProtocols.swift in Sources */,
				0A1BE81928B0F7C300817529 /* CartListFooter.swift in Sources */,
				A73A1B2228AE3EEB00D5022D /* MKMarkerAnnotationView+Ext.swift in Sources */,
				A782BDDC28B3617900E6990E /* DishConfigurationAlertView.swift in Sources */,
				A713A92428A5102B00769321 /* CoffeeShopDetailScreenContainer.swift in Sources */,
				A713A92128A5102B00769321 /* CoffeeShopDetailScreenViewController.swift in Sources */,
				0A8F952128A24F8200ED90F9 /* SceneDelegate.swift in Sources */,
				A6CFA98E28A6700B00B538DE /* ProfileViewController.swift in Sources */,
				0A1BE80E28B0DA1000817529 /* CartScreenPresenter.swift in Sources */,
				A6CFA98D28A6700B00B538DE /* ProfileRouter.swift in Sources */,
				A63AC17228AA3090005E7907 /* ProfileHeaderModel.swift in Sources */,
				A63AC17428AA309E005E7907 /* ReceiptCellModel.swift in Sources */,
				A6CFA99428A6734D00B538DE /* ProfileTableViewHeader.swift in Sources */,
				A71C552C28A3BFC100142138 /* UITableView+Ext.swift in Sources */,
				A730E90D28A424F700A3B4C4 /* UIColor+Ext.swift in Sources */,
				A72AFD0B28A663F20048634C /* DishConfiguratorViewController.swift in Sources */,
				5F94ED1428AD1F1300D89E3D /* ShopListViewController.swift in Sources */,
				A73A1B1C28AE28D200D5022D /* CoffeeShopAnnotation.swift in Sources */,
				0A1BE81028B0DA1000817529 /* CartScreenViewController.swift in Sources */,
				A7054BCF28AA7C5F0082E9E5 /* SectionTitleHeaderReusableView.swift in Sources */,
			);
			runOnlyForDeploymentPostprocessing = 0;
		};
/* End PBXSourcesBuildPhase section */

/* Begin PBXVariantGroup section */
		0A8F952928A24F8300ED90F9 /* LaunchScreen.storyboard */ = {
			isa = PBXVariantGroup;
			children = (
				0A8F952A28A24F8300ED90F9 /* Base */,
			);
			name = LaunchScreen.storyboard;
			sourceTree = "<group>";
		};
/* End PBXVariantGroup section */

/* Begin XCBuildConfiguration section */
		0A8F952D28A24F8300ED90F9 /* Debug */ = {
			isa = XCBuildConfiguration;
			buildSettings = {
				ALWAYS_SEARCH_USER_PATHS = NO;
				CLANG_ANALYZER_NONNULL = YES;
				CLANG_ANALYZER_NUMBER_OBJECT_CONVERSION = YES_AGGRESSIVE;
				CLANG_CXX_LANGUAGE_STANDARD = "gnu++17";
				CLANG_CXX_LIBRARY = "libc++";
				CLANG_ENABLE_MODULES = YES;
				CLANG_ENABLE_OBJC_ARC = YES;
				CLANG_ENABLE_OBJC_WEAK = YES;
				CLANG_WARN_BLOCK_CAPTURE_AUTORELEASING = YES;
				CLANG_WARN_BOOL_CONVERSION = YES;
				CLANG_WARN_COMMA = YES;
				CLANG_WARN_CONSTANT_CONVERSION = YES;
				CLANG_WARN_DEPRECATED_OBJC_IMPLEMENTATIONS = YES;
				CLANG_WARN_DIRECT_OBJC_ISA_USAGE = YES_ERROR;
				CLANG_WARN_DOCUMENTATION_COMMENTS = YES;
				CLANG_WARN_EMPTY_BODY = YES;
				CLANG_WARN_ENUM_CONVERSION = YES;
				CLANG_WARN_INFINITE_RECURSION = YES;
				CLANG_WARN_INT_CONVERSION = YES;
				CLANG_WARN_NON_LITERAL_NULL_CONVERSION = YES;
				CLANG_WARN_OBJC_IMPLICIT_RETAIN_SELF = YES;
				CLANG_WARN_OBJC_LITERAL_CONVERSION = YES;
				CLANG_WARN_OBJC_ROOT_CLASS = YES_ERROR;
				CLANG_WARN_QUOTED_INCLUDE_IN_FRAMEWORK_HEADER = YES;
				CLANG_WARN_RANGE_LOOP_ANALYSIS = YES;
				CLANG_WARN_STRICT_PROTOTYPES = YES;
				CLANG_WARN_SUSPICIOUS_MOVE = YES;
				CLANG_WARN_UNGUARDED_AVAILABILITY = YES_AGGRESSIVE;
				CLANG_WARN_UNREACHABLE_CODE = YES;
				CLANG_WARN__DUPLICATE_METHOD_MATCH = YES;
				COPY_PHASE_STRIP = NO;
				DEBUG_INFORMATION_FORMAT = dwarf;
				ENABLE_STRICT_OBJC_MSGSEND = YES;
				ENABLE_TESTABILITY = YES;
				GCC_C_LANGUAGE_STANDARD = gnu11;
				GCC_DYNAMIC_NO_PIC = NO;
				GCC_NO_COMMON_BLOCKS = YES;
				GCC_OPTIMIZATION_LEVEL = 0;
				GCC_PREPROCESSOR_DEFINITIONS = (
					"DEBUG=1",
					"$(inherited)",
				);
				GCC_WARN_64_TO_32_BIT_CONVERSION = YES;
				GCC_WARN_ABOUT_RETURN_TYPE = YES_ERROR;
				GCC_WARN_UNDECLARED_SELECTOR = YES;
				GCC_WARN_UNINITIALIZED_AUTOS = YES_AGGRESSIVE;
				GCC_WARN_UNUSED_FUNCTION = YES;
				GCC_WARN_UNUSED_VARIABLE = YES;
				IPHONEOS_DEPLOYMENT_TARGET = 15.2;
				MTL_ENABLE_DEBUG_INFO = INCLUDE_SOURCE;
				MTL_FAST_MATH = YES;
				ONLY_ACTIVE_ARCH = YES;
				SDKROOT = iphoneos;
				SWIFT_ACTIVE_COMPILATION_CONDITIONS = DEBUG;
				SWIFT_OPTIMIZATION_LEVEL = "-Onone";
			};
			name = Debug;
		};
		0A8F952E28A24F8300ED90F9 /* Release */ = {
			isa = XCBuildConfiguration;
			buildSettings = {
				ALWAYS_SEARCH_USER_PATHS = NO;
				CLANG_ANALYZER_NONNULL = YES;
				CLANG_ANALYZER_NUMBER_OBJECT_CONVERSION = YES_AGGRESSIVE;
				CLANG_CXX_LANGUAGE_STANDARD = "gnu++17";
				CLANG_CXX_LIBRARY = "libc++";
				CLANG_ENABLE_MODULES = YES;
				CLANG_ENABLE_OBJC_ARC = YES;
				CLANG_ENABLE_OBJC_WEAK = YES;
				CLANG_WARN_BLOCK_CAPTURE_AUTORELEASING = YES;
				CLANG_WARN_BOOL_CONVERSION = YES;
				CLANG_WARN_COMMA = YES;
				CLANG_WARN_CONSTANT_CONVERSION = YES;
				CLANG_WARN_DEPRECATED_OBJC_IMPLEMENTATIONS = YES;
				CLANG_WARN_DIRECT_OBJC_ISA_USAGE = YES_ERROR;
				CLANG_WARN_DOCUMENTATION_COMMENTS = YES;
				CLANG_WARN_EMPTY_BODY = YES;
				CLANG_WARN_ENUM_CONVERSION = YES;
				CLANG_WARN_INFINITE_RECURSION = YES;
				CLANG_WARN_INT_CONVERSION = YES;
				CLANG_WARN_NON_LITERAL_NULL_CONVERSION = YES;
				CLANG_WARN_OBJC_IMPLICIT_RETAIN_SELF = YES;
				CLANG_WARN_OBJC_LITERAL_CONVERSION = YES;
				CLANG_WARN_OBJC_ROOT_CLASS = YES_ERROR;
				CLANG_WARN_QUOTED_INCLUDE_IN_FRAMEWORK_HEADER = YES;
				CLANG_WARN_RANGE_LOOP_ANALYSIS = YES;
				CLANG_WARN_STRICT_PROTOTYPES = YES;
				CLANG_WARN_SUSPICIOUS_MOVE = YES;
				CLANG_WARN_UNGUARDED_AVAILABILITY = YES_AGGRESSIVE;
				CLANG_WARN_UNREACHABLE_CODE = YES;
				CLANG_WARN__DUPLICATE_METHOD_MATCH = YES;
				COPY_PHASE_STRIP = NO;
				DEBUG_INFORMATION_FORMAT = "dwarf-with-dsym";
				ENABLE_NS_ASSERTIONS = NO;
				ENABLE_STRICT_OBJC_MSGSEND = YES;
				GCC_C_LANGUAGE_STANDARD = gnu11;
				GCC_NO_COMMON_BLOCKS = YES;
				GCC_WARN_64_TO_32_BIT_CONVERSION = YES;
				GCC_WARN_ABOUT_RETURN_TYPE = YES_ERROR;
				GCC_WARN_UNDECLARED_SELECTOR = YES;
				GCC_WARN_UNINITIALIZED_AUTOS = YES_AGGRESSIVE;
				GCC_WARN_UNUSED_FUNCTION = YES;
				GCC_WARN_UNUSED_VARIABLE = YES;
				IPHONEOS_DEPLOYMENT_TARGET = 15.2;
				MTL_ENABLE_DEBUG_INFO = NO;
				MTL_FAST_MATH = YES;
				SDKROOT = iphoneos;
				SWIFT_COMPILATION_MODE = wholemodule;
				SWIFT_OPTIMIZATION_LEVEL = "-O";
				VALIDATE_PRODUCT = YES;
			};
			name = Release;
		};
		0A8F953028A24F8300ED90F9 /* Debug */ = {
			isa = XCBuildConfiguration;
			baseConfigurationReference = 2B7D7A0E7071EABC6257BA8D /* Pods-CoffeeMap.debug.xcconfig */;
			buildSettings = {
				ASSETCATALOG_COMPILER_APPICON_NAME = AppIcon;
				ASSETCATALOG_COMPILER_GLOBAL_ACCENT_COLOR_NAME = AccentColor;
				CODE_SIGN_STYLE = Automatic;
				CURRENT_PROJECT_VERSION = 1;
				DEVELOPMENT_TEAM = 5D399ZX79K;
				GENERATE_INFOPLIST_FILE = YES;
				INFOPLIST_FILE = CoffeeMap/Common/Info.plist;
				INFOPLIST_KEY_UIApplicationSupportsIndirectInputEvents = YES;
				INFOPLIST_KEY_UILaunchStoryboardName = LaunchScreen;
				INFOPLIST_KEY_UISupportedInterfaceOrientations_iPad = "UIInterfaceOrientationPortrait UIInterfaceOrientationPortraitUpsideDown UIInterfaceOrientationLandscapeLeft UIInterfaceOrientationLandscapeRight";
				INFOPLIST_KEY_UISupportedInterfaceOrientations_iPhone = "UIInterfaceOrientationPortrait UIInterfaceOrientationLandscapeLeft UIInterfaceOrientationLandscapeRight";
				LD_RUNPATH_SEARCH_PATHS = (
					"$(inherited)",
					"@executable_path/Frameworks",
				);
				MARKETING_VERSION = 1.0;
				PRODUCT_BUNDLE_IDENTIFIER = ru.CoffeeMap;
				PRODUCT_NAME = "$(TARGET_NAME)";
				SWIFT_EMIT_LOC_STRINGS = YES;
				SWIFT_VERSION = 5.0;
				TARGETED_DEVICE_FAMILY = "1,2";
			};
			name = Debug;
		};
		0A8F953128A24F8300ED90F9 /* Release */ = {
			isa = XCBuildConfiguration;
			baseConfigurationReference = A47B310C348A00042FA46913 /* Pods-CoffeeMap.release.xcconfig */;
			buildSettings = {
				ASSETCATALOG_COMPILER_APPICON_NAME = AppIcon;
				ASSETCATALOG_COMPILER_GLOBAL_ACCENT_COLOR_NAME = AccentColor;
				CODE_SIGN_STYLE = Automatic;
				CURRENT_PROJECT_VERSION = 1;
				DEVELOPMENT_TEAM = 5D399ZX79K;
				GENERATE_INFOPLIST_FILE = YES;
				INFOPLIST_FILE = CoffeeMap/Common/Info.plist;
				INFOPLIST_KEY_UIApplicationSupportsIndirectInputEvents = YES;
				INFOPLIST_KEY_UILaunchStoryboardName = LaunchScreen;
				INFOPLIST_KEY_UISupportedInterfaceOrientations_iPad = "UIInterfaceOrientationPortrait UIInterfaceOrientationPortraitUpsideDown UIInterfaceOrientationLandscapeLeft UIInterfaceOrientationLandscapeRight";
				INFOPLIST_KEY_UISupportedInterfaceOrientations_iPhone = "UIInterfaceOrientationPortrait UIInterfaceOrientationLandscapeLeft UIInterfaceOrientationLandscapeRight";
				LD_RUNPATH_SEARCH_PATHS = (
					"$(inherited)",
					"@executable_path/Frameworks",
				);
				MARKETING_VERSION = 1.0;
				PRODUCT_BUNDLE_IDENTIFIER = ru.CoffeeMap;
				PRODUCT_NAME = "$(TARGET_NAME)";
				SWIFT_EMIT_LOC_STRINGS = YES;
				SWIFT_VERSION = 5.0;
				TARGETED_DEVICE_FAMILY = "1,2";
			};
			name = Release;
		};
/* End XCBuildConfiguration section */

/* Begin XCConfigurationList section */
		0A8F951628A24F8200ED90F9 /* Build configuration list for PBXProject "CoffeeMap" */ = {
			isa = XCConfigurationList;
			buildConfigurations = (
				0A8F952D28A24F8300ED90F9 /* Debug */,
				0A8F952E28A24F8300ED90F9 /* Release */,
			);
			defaultConfigurationIsVisible = 0;
			defaultConfigurationName = Release;
		};
		0A8F952F28A24F8300ED90F9 /* Build configuration list for PBXNativeTarget "CoffeeMap" */ = {
			isa = XCConfigurationList;
			buildConfigurations = (
				0A8F953028A24F8300ED90F9 /* Debug */,
				0A8F953128A24F8300ED90F9 /* Release */,
			);
			defaultConfigurationIsVisible = 0;
			defaultConfigurationName = Release;
		};
/* End XCConfigurationList section */
	};
	rootObject = 0A8F951328A24F8200ED90F9 /* Project object */;
}
